// !$*UTF8*$!
{
	archiveVersion = 1;
	classes = {
	};
	objectVersion = 56;
	objects = {

/* Begin PBXBuildFile section */
		F2035B312B0E2FB90088DCB3 /* WidgetAppApp.swift in Sources */ = {isa = PBXBuildFile; fileRef = F2035B302B0E2FB90088DCB3 /* WidgetAppApp.swift */; };
		F2035B332B0E2FB90088DCB3 /* ContentView.swift in Sources */ = {isa = PBXBuildFile; fileRef = F2035B322B0E2FB90088DCB3 /* ContentView.swift */; };
		F2035B352B0E2FBB0088DCB3 /* Assets.xcassets in Resources */ = {isa = PBXBuildFile; fileRef = F2035B342B0E2FBB0088DCB3 /* Assets.xcassets */; };
		F2035B382B0E2FBB0088DCB3 /* Preview Assets.xcassets in Resources */ = {isa = PBXBuildFile; fileRef = F2035B372B0E2FBB0088DCB3 /* Preview Assets.xcassets */; };
		F2035B672B0E32940088DCB3 /* WidgetKit.framework in Frameworks */ = {isa = PBXBuildFile; fileRef = F2035B4A2B0E318C0088DCB3 /* WidgetKit.framework */; };
		F2035B682B0E32940088DCB3 /* SwiftUI.framework in Frameworks */ = {isa = PBXBuildFile; fileRef = F2035B4C2B0E318C0088DCB3 /* SwiftUI.framework */; };
		F2035B6B2B0E32940088DCB3 /* WidgetWidgetAppBundle.swift in Sources */ = {isa = PBXBuildFile; fileRef = F2035B6A2B0E32940088DCB3 /* WidgetWidgetAppBundle.swift */; };
		F2035B6D2B0E32940088DCB3 /* WidgetWidgetAppLiveActivity.swift in Sources */ = {isa = PBXBuildFile; fileRef = F2035B6C2B0E32940088DCB3 /* WidgetWidgetAppLiveActivity.swift */; };
		F2035B6F2B0E32940088DCB3 /* WidgetWidgetApp.swift in Sources */ = {isa = PBXBuildFile; fileRef = F2035B6E2B0E32940088DCB3 /* WidgetWidgetApp.swift */; };
		F2035B722B0E32960088DCB3 /* Assets.xcassets in Resources */ = {isa = PBXBuildFile; fileRef = F2035B712B0E32960088DCB3 /* Assets.xcassets */; };
		F2035B742B0E32960088DCB3 /* WidgetWidgetApp.intentdefinition in Sources */ = {isa = PBXBuildFile; fileRef = F2035B702B0E32940088DCB3 /* WidgetWidgetApp.intentdefinition */; };
		F2035B752B0E32960088DCB3 /* WidgetWidgetApp.intentdefinition in Sources */ = {isa = PBXBuildFile; fileRef = F2035B702B0E32940088DCB3 /* WidgetWidgetApp.intentdefinition */; };
		F2035B782B0E32960088DCB3 /* WidgetWidgetAppExtension.appex in Embed Foundation Extensions */ = {isa = PBXBuildFile; fileRef = F2035B662B0E32940088DCB3 /* WidgetWidgetAppExtension.appex */; settings = {ATTRIBUTES = (RemoveHeadersOnCopy, ); }; };
		F2035B7F2B0E33E00088DCB3 /* Source.json in Resources */ = {isa = PBXBuildFile; fileRef = F2035B7E2B0E33E00088DCB3 /* Source.json */; };
		F2035B802B0E33E00088DCB3 /* Source.json in Resources */ = {isa = PBXBuildFile; fileRef = F2035B7E2B0E33E00088DCB3 /* Source.json */; };
		F2035B822B0E36700088DCB3 /* QuoteViewModel.swift in Sources */ = {isa = PBXBuildFile; fileRef = F2035B812B0E36700088DCB3 /* QuoteViewModel.swift */; };
		F2035B832B0E36700088DCB3 /* QuoteViewModel.swift in Sources */ = {isa = PBXBuildFile; fileRef = F2035B812B0E36700088DCB3 /* QuoteViewModel.swift */; };
		F2035B852B0E369A0088DCB3 /* Quote.swift in Sources */ = {isa = PBXBuildFile; fileRef = F2035B842B0E369A0088DCB3 /* Quote.swift */; };
		F2035B862B0E369A0088DCB3 /* Quote.swift in Sources */ = {isa = PBXBuildFile; fileRef = F2035B842B0E369A0088DCB3 /* Quote.swift */; };
		F2035B872B0E49310088DCB3 /* ContentView.swift in Sources */ = {isa = PBXBuildFile; fileRef = F2035B322B0E2FB90088DCB3 /* ContentView.swift */; };
		F2035B892B0E49D30088DCB3 /* WidgetContentView.swift in Sources */ = {isa = PBXBuildFile; fileRef = F2035B882B0E49D30088DCB3 /* WidgetContentView.swift */; };
		F2035B8A2B0E49D30088DCB3 /* WidgetContentView.swift in Sources */ = {isa = PBXBuildFile; fileRef = F2035B882B0E49D30088DCB3 /* WidgetContentView.swift */; };
/* End PBXBuildFile section */

/* Begin PBXContainerItemProxy section */
		F2035B762B0E32960088DCB3 /* PBXContainerItemProxy */ = {
			isa = PBXContainerItemProxy;
			containerPortal = F2035B252B0E2FB90088DCB3 /* Project object */;
			proxyType = 1;
			remoteGlobalIDString = F2035B652B0E32940088DCB3;
			remoteInfo = WidgetWidgetAppExtension;
		};
/* End PBXContainerItemProxy section */

/* Begin PBXCopyFilesBuildPhase section */
		F2035B612B0E318E0088DCB3 /* Embed Foundation Extensions */ = {
			isa = PBXCopyFilesBuildPhase;
			buildActionMask = 2147483647;
			dstPath = "";
			dstSubfolderSpec = 13;
			files = (
				F2035B782B0E32960088DCB3 /* WidgetWidgetAppExtension.appex in Embed Foundation Extensions */,
			);
			name = "Embed Foundation Extensions";
			runOnlyForDeploymentPostprocessing = 0;
		};
/* End PBXCopyFilesBuildPhase section */

/* Begin PBXFileReference section */
		F2035B2D2B0E2FB90088DCB3 /* WidgetApp.app */ = {isa = PBXFileReference; explicitFileType = wrapper.application; includeInIndex = 0; path = WidgetApp.app; sourceTree = BUILT_PRODUCTS_DIR; };
		F2035B302B0E2FB90088DCB3 /* WidgetAppApp.swift */ = {isa = PBXFileReference; lastKnownFileType = sourcecode.swift; path = WidgetAppApp.swift; sourceTree = "<group>"; };
		F2035B322B0E2FB90088DCB3 /* ContentView.swift */ = {isa = PBXFileReference; lastKnownFileType = sourcecode.swift; path = ContentView.swift; sourceTree = "<group>"; };
		F2035B342B0E2FBB0088DCB3 /* Assets.xcassets */ = {isa = PBXFileReference; lastKnownFileType = folder.assetcatalog; path = Assets.xcassets; sourceTree = "<group>"; };
		F2035B372B0E2FBB0088DCB3 /* Preview Assets.xcassets */ = {isa = PBXFileReference; lastKnownFileType = folder.assetcatalog; path = "Preview Assets.xcassets"; sourceTree = "<group>"; };
		F2035B4A2B0E318C0088DCB3 /* WidgetKit.framework */ = {isa = PBXFileReference; lastKnownFileType = wrapper.framework; name = WidgetKit.framework; path = System/Library/Frameworks/WidgetKit.framework; sourceTree = SDKROOT; };
		F2035B4C2B0E318C0088DCB3 /* SwiftUI.framework */ = {isa = PBXFileReference; lastKnownFileType = wrapper.framework; name = SwiftUI.framework; path = System/Library/Frameworks/SwiftUI.framework; sourceTree = SDKROOT; };
		F2035B662B0E32940088DCB3 /* WidgetWidgetAppExtension.appex */ = {isa = PBXFileReference; explicitFileType = "wrapper.app-extension"; includeInIndex = 0; path = WidgetWidgetAppExtension.appex; sourceTree = BUILT_PRODUCTS_DIR; };
		F2035B6A2B0E32940088DCB3 /* WidgetWidgetAppBundle.swift */ = {isa = PBXFileReference; lastKnownFileType = sourcecode.swift; path = WidgetWidgetAppBundle.swift; sourceTree = "<group>"; };
		F2035B6C2B0E32940088DCB3 /* WidgetWidgetAppLiveActivity.swift */ = {isa = PBXFileReference; lastKnownFileType = sourcecode.swift; path = WidgetWidgetAppLiveActivity.swift; sourceTree = "<group>"; };
		F2035B6E2B0E32940088DCB3 /* WidgetWidgetApp.swift */ = {isa = PBXFileReference; lastKnownFileType = sourcecode.swift; path = WidgetWidgetApp.swift; sourceTree = "<group>"; };
		F2035B702B0E32940088DCB3 /* WidgetWidgetApp.intentdefinition */ = {isa = PBXFileReference; lastKnownFileType = file.intentdefinition; path = WidgetWidgetApp.intentdefinition; sourceTree = "<group>"; };
		F2035B712B0E32960088DCB3 /* Assets.xcassets */ = {isa = PBXFileReference; lastKnownFileType = folder.assetcatalog; path = Assets.xcassets; sourceTree = "<group>"; };
		F2035B732B0E32960088DCB3 /* Info.plist */ = {isa = PBXFileReference; lastKnownFileType = text.plist.xml; path = Info.plist; sourceTree = "<group>"; };
		F2035B7E2B0E33E00088DCB3 /* Source.json */ = {isa = PBXFileReference; fileEncoding = 4; lastKnownFileType = text.json; path = Source.json; sourceTree = "<group>"; };
		F2035B812B0E36700088DCB3 /* QuoteViewModel.swift */ = {isa = PBXFileReference; lastKnownFileType = sourcecode.swift; path = QuoteViewModel.swift; sourceTree = "<group>"; };
		F2035B842B0E369A0088DCB3 /* Quote.swift */ = {isa = PBXFileReference; lastKnownFileType = sourcecode.swift; path = Quote.swift; sourceTree = "<group>"; };
		F2035B882B0E49D30088DCB3 /* WidgetContentView.swift */ = {isa = PBXFileReference; lastKnownFileType = sourcecode.swift; path = WidgetContentView.swift; sourceTree = "<group>"; };
/* End PBXFileReference section */

/* Begin PBXFrameworksBuildPhase section */
		F2035B2A2B0E2FB90088DCB3 /* Frameworks */ = {
			isa = PBXFrameworksBuildPhase;
			buildActionMask = 2147483647;
			files = (
			);
			runOnlyForDeploymentPostprocessing = 0;
		};
		F2035B632B0E32940088DCB3 /* Frameworks */ = {
			isa = PBXFrameworksBuildPhase;
			buildActionMask = 2147483647;
			files = (
				F2035B682B0E32940088DCB3 /* SwiftUI.framework in Frameworks */,
				F2035B672B0E32940088DCB3 /* WidgetKit.framework in Frameworks */,
			);
			runOnlyForDeploymentPostprocessing = 0;
		};
/* End PBXFrameworksBuildPhase section */

/* Begin PBXGroup section */
		F2035B242B0E2FB90088DCB3 = {
			isa = PBXGroup;
			children = (
				F2035B2F2B0E2FB90088DCB3 /* WidgetApp */,
				F2035B692B0E32940088DCB3 /* WidgetWidgetApp */,
				F2035B492B0E318C0088DCB3 /* Frameworks */,
				F2035B2E2B0E2FB90088DCB3 /* Products */,
			);
			sourceTree = "<group>";
		};
		F2035B2E2B0E2FB90088DCB3 /* Products */ = {
			isa = PBXGroup;
			children = (
				F2035B2D2B0E2FB90088DCB3 /* WidgetApp.app */,
				F2035B662B0E32940088DCB3 /* WidgetWidgetAppExtension.appex */,
			);
			name = Products;
			sourceTree = "<group>";
		};
		F2035B2F2B0E2FB90088DCB3 /* WidgetApp */ = {
			isa = PBXGroup;
			children = (
				F2035B302B0E2FB90088DCB3 /* WidgetAppApp.swift */,
				F2035B7D2B0E33A00088DCB3 /* src */,
				F2035B402B0E2FCD0088DCB3 /* Views */,
				F2035B3F2B0E2FC70088DCB3 /* ViewsModels */,
				F2035B3E2B0E2FC20088DCB3 /* Models */,
				F2035B342B0E2FBB0088DCB3 /* Assets.xcassets */,
				F2035B362B0E2FBB0088DCB3 /* Preview Content */,
			);
			path = WidgetApp;
			sourceTree = "<group>";
		};
		F2035B362B0E2FBB0088DCB3 /* Preview Content */ = {
			isa = PBXGroup;
			children = (
				F2035B372B0E2FBB0088DCB3 /* Preview Assets.xcassets */,
			);
			path = "Preview Content";
			sourceTree = "<group>";
		};
		F2035B3E2B0E2FC20088DCB3 /* Models */ = {
			isa = PBXGroup;
			children = (
				F2035B842B0E369A0088DCB3 /* Quote.swift */,
			);
			path = Models;
			sourceTree = "<group>";
		};
		F2035B3F2B0E2FC70088DCB3 /* ViewsModels */ = {
			isa = PBXGroup;
			children = (
				F2035B812B0E36700088DCB3 /* QuoteViewModel.swift */,
			);
			path = ViewsModels;
			sourceTree = "<group>";
		};
		F2035B402B0E2FCD0088DCB3 /* Views */ = {
			isa = PBXGroup;
			children = (
				F2035B322B0E2FB90088DCB3 /* ContentView.swift */,
			);
			path = Views;
			sourceTree = "<group>";
		};
		F2035B492B0E318C0088DCB3 /* Frameworks */ = {
			isa = PBXGroup;
			children = (
				F2035B4A2B0E318C0088DCB3 /* WidgetKit.framework */,
				F2035B4C2B0E318C0088DCB3 /* SwiftUI.framework */,
			);
			name = Frameworks;
			sourceTree = "<group>";
		};
		F2035B692B0E32940088DCB3 /* WidgetWidgetApp */ = {
			isa = PBXGroup;
			children = (
				F2035B6A2B0E32940088DCB3 /* WidgetWidgetAppBundle.swift */,
				F2035B6C2B0E32940088DCB3 /* WidgetWidgetAppLiveActivity.swift */,
				F2035B6E2B0E32940088DCB3 /* WidgetWidgetApp.swift */,
				F2035B882B0E49D30088DCB3 /* WidgetContentView.swift */,
				F2035B702B0E32940088DCB3 /* WidgetWidgetApp.intentdefinition */,
				F2035B712B0E32960088DCB3 /* Assets.xcassets */,
				F2035B732B0E32960088DCB3 /* Info.plist */,
			);
			path = WidgetWidgetApp;
			sourceTree = "<group>";
		};
		F2035B7D2B0E33A00088DCB3 /* src */ = {
			isa = PBXGroup;
			children = (
				F2035B7E2B0E33E00088DCB3 /* Source.json */,
			);
			path = src;
			sourceTree = "<group>";
		};
/* End PBXGroup section */

/* Begin PBXNativeTarget section */
		F2035B2C2B0E2FB90088DCB3 /* WidgetApp */ = {
			isa = PBXNativeTarget;
			buildConfigurationList = F2035B3B2B0E2FBB0088DCB3 /* Build configuration list for PBXNativeTarget "WidgetApp" */;
			buildPhases = (
				F2035B292B0E2FB90088DCB3 /* Sources */,
				F2035B2A2B0E2FB90088DCB3 /* Frameworks */,
				F2035B2B2B0E2FB90088DCB3 /* Resources */,
				F2035B612B0E318E0088DCB3 /* Embed Foundation Extensions */,
			);
			buildRules = (
			);
			dependencies = (
				F2035B772B0E32960088DCB3 /* PBXTargetDependency */,
			);
			name = WidgetApp;
			productName = WidgetApp;
			productReference = F2035B2D2B0E2FB90088DCB3 /* WidgetApp.app */;
			productType = "com.apple.product-type.application";
		};
		F2035B652B0E32940088DCB3 /* WidgetWidgetAppExtension */ = {
			isa = PBXNativeTarget;
			buildConfigurationList = F2035B792B0E32960088DCB3 /* Build configuration list for PBXNativeTarget "WidgetWidgetAppExtension" */;
			buildPhases = (
				F2035B622B0E32940088DCB3 /* Sources */,
				F2035B632B0E32940088DCB3 /* Frameworks */,
				F2035B642B0E32940088DCB3 /* Resources */,
			);
			buildRules = (
			);
			dependencies = (
			);
			name = WidgetWidgetAppExtension;
			productName = WidgetWidgetAppExtension;
			productReference = F2035B662B0E32940088DCB3 /* WidgetWidgetAppExtension.appex */;
			productType = "com.apple.product-type.app-extension";
		};
/* End PBXNativeTarget section */

/* Begin PBXProject section */
		F2035B252B0E2FB90088DCB3 /* Project object */ = {
			isa = PBXProject;
			attributes = {
				BuildIndependentTargetsInParallel = 1;
				LastSwiftUpdateCheck = 1430;
				LastUpgradeCheck = 1430;
				TargetAttributes = {
					F2035B2C2B0E2FB90088DCB3 = {
						CreatedOnToolsVersion = 14.3.1;
					};
					F2035B652B0E32940088DCB3 = {
						CreatedOnToolsVersion = 14.3.1;
					};
				};
			};
			buildConfigurationList = F2035B282B0E2FB90088DCB3 /* Build configuration list for PBXProject "WidgetApp" */;
			compatibilityVersion = "Xcode 14.0";
			developmentRegion = en;
			hasScannedForEncodings = 0;
			knownRegions = (
				en,
				Base,
			);
			mainGroup = F2035B242B0E2FB90088DCB3;
			productRefGroup = F2035B2E2B0E2FB90088DCB3 /* Products */;
			projectDirPath = "";
			projectRoot = "";
			targets = (
				F2035B2C2B0E2FB90088DCB3 /* WidgetApp */,
				F2035B652B0E32940088DCB3 /* WidgetWidgetAppExtension */,
			);
		};
/* End PBXProject section */

/* Begin PBXResourcesBuildPhase section */
		F2035B2B2B0E2FB90088DCB3 /* Resources */ = {
			isa = PBXResourcesBuildPhase;
			buildActionMask = 2147483647;
			files = (
				F2035B382B0E2FBB0088DCB3 /* Preview Assets.xcassets in Resources */,
				F2035B7F2B0E33E00088DCB3 /* Source.json in Resources */,
				F2035B352B0E2FBB0088DCB3 /* Assets.xcassets in Resources */,
			);
			runOnlyForDeploymentPostprocessing = 0;
		};
		F2035B642B0E32940088DCB3 /* Resources */ = {
			isa = PBXResourcesBuildPhase;
			buildActionMask = 2147483647;
			files = (
				F2035B802B0E33E00088DCB3 /* Source.json in Resources */,
				F2035B722B0E32960088DCB3 /* Assets.xcassets in Resources */,
			);
			runOnlyForDeploymentPostprocessing = 0;
		};
/* End PBXResourcesBuildPhase section */

/* Begin PBXSourcesBuildPhase section */
		F2035B292B0E2FB90088DCB3 /* Sources */ = {
			isa = PBXSourcesBuildPhase;
			buildActionMask = 2147483647;
			files = (
				F2035B752B0E32960088DCB3 /* WidgetWidgetApp.intentdefinition in Sources */,
				F2035B822B0E36700088DCB3 /* QuoteViewModel.swift in Sources */,
				F2035B332B0E2FB90088DCB3 /* ContentView.swift in Sources */,
				F2035B852B0E369A0088DCB3 /* Quote.swift in Sources */,
				F2035B892B0E49D30088DCB3 /* WidgetContentView.swift in Sources */,
				F2035B312B0E2FB90088DCB3 /* WidgetAppApp.swift in Sources */,
			);
			runOnlyForDeploymentPostprocessing = 0;
		};
		F2035B622B0E32940088DCB3 /* Sources */ = {
			isa = PBXSourcesBuildPhase;
			buildActionMask = 2147483647;
			files = (
				F2035B742B0E32960088DCB3 /* WidgetWidgetApp.intentdefinition in Sources */,
				F2035B8A2B0E49D30088DCB3 /* WidgetContentView.swift in Sources */,
				F2035B872B0E49310088DCB3 /* ContentView.swift in Sources */,
				F2035B6D2B0E32940088DCB3 /* WidgetWidgetAppLiveActivity.swift in Sources */,
				F2035B832B0E36700088DCB3 /* QuoteViewModel.swift in Sources */,
				F2035B6B2B0E32940088DCB3 /* WidgetWidgetAppBundle.swift in Sources */,
				F2035B862B0E369A0088DCB3 /* Quote.swift in Sources */,
				F2035B6F2B0E32940088DCB3 /* WidgetWidgetApp.swift in Sources */,
			);
			runOnlyForDeploymentPostprocessing = 0;
		};
/* End PBXSourcesBuildPhase section */

/* Begin PBXTargetDependency section */
		F2035B772B0E32960088DCB3 /* PBXTargetDependency */ = {
			isa = PBXTargetDependency;
			target = F2035B652B0E32940088DCB3 /* WidgetWidgetAppExtension */;
			targetProxy = F2035B762B0E32960088DCB3 /* PBXContainerItemProxy */;
		};
/* End PBXTargetDependency section */

/* Begin XCBuildConfiguration section */
		F2035B392B0E2FBB0088DCB3 /* Debug */ = {
			isa = XCBuildConfiguration;
			buildSettings = {
				ALWAYS_SEARCH_USER_PATHS = NO;
				CLANG_ANALYZER_NONNULL = YES;
				CLANG_ANALYZER_NUMBER_OBJECT_CONVERSION = YES_AGGRESSIVE;
				CLANG_CXX_LANGUAGE_STANDARD = "gnu++20";
				CLANG_ENABLE_MODULES = YES;
				CLANG_ENABLE_OBJC_ARC = YES;
				CLANG_ENABLE_OBJC_WEAK = YES;
				CLANG_WARN_BLOCK_CAPTURE_AUTORELEASING = YES;
				CLANG_WARN_BOOL_CONVERSION = YES;
				CLANG_WARN_COMMA = YES;
				CLANG_WARN_CONSTANT_CONVERSION = YES;
				CLANG_WARN_DEPRECATED_OBJC_IMPLEMENTATIONS = YES;
				CLANG_WARN_DIRECT_OBJC_ISA_USAGE = YES_ERROR;
				CLANG_WARN_DOCUMENTATION_COMMENTS = YES;
				CLANG_WARN_EMPTY_BODY = YES;
				CLANG_WARN_ENUM_CONVERSION = YES;
				CLANG_WARN_INFINITE_RECURSION = YES;
				CLANG_WARN_INT_CONVERSION = YES;
				CLANG_WARN_NON_LITERAL_NULL_CONVERSION = YES;
				CLANG_WARN_OBJC_IMPLICIT_RETAIN_SELF = YES;
				CLANG_WARN_OBJC_LITERAL_CONVERSION = YES;
				CLANG_WARN_OBJC_ROOT_CLASS = YES_ERROR;
				CLANG_WARN_QUOTED_INCLUDE_IN_FRAMEWORK_HEADER = YES;
				CLANG_WARN_RANGE_LOOP_ANALYSIS = YES;
				CLANG_WARN_STRICT_PROTOTYPES = YES;
				CLANG_WARN_SUSPICIOUS_MOVE = YES;
				CLANG_WARN_UNGUARDED_AVAILABILITY = YES_AGGRESSIVE;
				CLANG_WARN_UNREACHABLE_CODE = YES;
				CLANG_WARN__DUPLICATE_METHOD_MATCH = YES;
				COPY_PHASE_STRIP = NO;
				DEBUG_INFORMATION_FORMAT = dwarf;
				ENABLE_STRICT_OBJC_MSGSEND = YES;
				ENABLE_TESTABILITY = YES;
				GCC_C_LANGUAGE_STANDARD = gnu11;
				GCC_DYNAMIC_NO_PIC = NO;
				GCC_NO_COMMON_BLOCKS = YES;
				GCC_OPTIMIZATION_LEVEL = 0;
				GCC_PREPROCESSOR_DEFINITIONS = (
					"DEBUG=1",
					"$(inherited)",
				);
				GCC_WARN_64_TO_32_BIT_CONVERSION = YES;
				GCC_WARN_ABOUT_RETURN_TYPE = YES_ERROR;
				GCC_WARN_UNDECLARED_SELECTOR = YES;
				GCC_WARN_UNINITIALIZED_AUTOS = YES_AGGRESSIVE;
				GCC_WARN_UNUSED_FUNCTION = YES;
				GCC_WARN_UNUSED_VARIABLE = YES;
				IPHONEOS_DEPLOYMENT_TARGET = 16.4;
				MTL_ENABLE_DEBUG_INFO = INCLUDE_SOURCE;
				MTL_FAST_MATH = YES;
				ONLY_ACTIVE_ARCH = YES;
				SDKROOT = iphoneos;
				SWIFT_ACTIVE_COMPILATION_CONDITIONS = DEBUG;
				SWIFT_OPTIMIZATION_LEVEL = "-Onone";
			};
			name = Debug;
		};
		F2035B3A2B0E2FBB0088DCB3 /* Release */ = {
			isa = XCBuildConfiguration;
			buildSettings = {
				ALWAYS_SEARCH_USER_PATHS = NO;
				CLANG_ANALYZER_NONNULL = YES;
				CLANG_ANALYZER_NUMBER_OBJECT_CONVERSION = YES_AGGRESSIVE;
				CLANG_CXX_LANGUAGE_STANDARD = "gnu++20";
				CLANG_ENABLE_MODULES = YES;
				CLANG_ENABLE_OBJC_ARC = YES;
				CLANG_ENABLE_OBJC_WEAK = YES;
				CLANG_WARN_BLOCK_CAPTURE_AUTORELEASING = YES;
				CLANG_WARN_BOOL_CONVERSION = YES;
				CLANG_WARN_COMMA = YES;
				CLANG_WARN_CONSTANT_CONVERSION = YES;
				CLANG_WARN_DEPRECATED_OBJC_IMPLEMENTATIONS = YES;
				CLANG_WARN_DIRECT_OBJC_ISA_USAGE = YES_ERROR;
				CLANG_WARN_DOCUMENTATION_COMMENTS = YES;
				CLANG_WARN_EMPTY_BODY = YES;
				CLANG_WARN_ENUM_CONVERSION = YES;
				CLANG_WARN_INFINITE_RECURSION = YES;
				CLANG_WARN_INT_CONVERSION = YES;
				CLANG_WARN_NON_LITERAL_NULL_CONVERSION = YES;
				CLANG_WARN_OBJC_IMPLICIT_RETAIN_SELF = YES;
				CLANG_WARN_OBJC_LITERAL_CONVERSION = YES;
				CLANG_WARN_OBJC_ROOT_CLASS = YES_ERROR;
				CLANG_WARN_QUOTED_INCLUDE_IN_FRAMEWORK_HEADER = YES;
				CLANG_WARN_RANGE_LOOP_ANALYSIS = YES;
				CLANG_WARN_STRICT_PROTOTYPES = YES;
				CLANG_WARN_SUSPICIOUS_MOVE = YES;
				CLANG_WARN_UNGUARDED_AVAILABILITY = YES_AGGRESSIVE;
				CLANG_WARN_UNREACHABLE_CODE = YES;
				CLANG_WARN__DUPLICATE_METHOD_MATCH = YES;
				COPY_PHASE_STRIP = NO;
				DEBUG_INFORMATION_FORMAT = "dwarf-with-dsym";
				ENABLE_NS_ASSERTIONS = NO;
				ENABLE_STRICT_OBJC_MSGSEND = YES;
				GCC_C_LANGUAGE_STANDARD = gnu11;
				GCC_NO_COMMON_BLOCKS = YES;
				GCC_WARN_64_TO_32_BIT_CONVERSION = YES;
				GCC_WARN_ABOUT_RETURN_TYPE = YES_ERROR;
				GCC_WARN_UNDECLARED_SELECTOR = YES;
				GCC_WARN_UNINITIALIZED_AUTOS = YES_AGGRESSIVE;
				GCC_WARN_UNUSED_FUNCTION = YES;
				GCC_WARN_UNUSED_VARIABLE = YES;
				IPHONEOS_DEPLOYMENT_TARGET = 16.4;
				MTL_ENABLE_DEBUG_INFO = NO;
				MTL_FAST_MATH = YES;
				SDKROOT = iphoneos;
				SWIFT_COMPILATION_MODE = wholemodule;
				SWIFT_OPTIMIZATION_LEVEL = "-O";
				VALIDATE_PRODUCT = YES;
			};
			name = Release;
		};
		F2035B3C2B0E2FBB0088DCB3 /* Debug */ = {
			isa = XCBuildConfiguration;
			buildSettings = {
				ALWAYS_EMBED_SWIFT_STANDARD_LIBRARIES = YES;
				ASSETCATALOG_COMPILER_APPICON_NAME = AppIcon;
				ASSETCATALOG_COMPILER_GLOBAL_ACCENT_COLOR_NAME = AccentColor;
				CODE_SIGN_STYLE = Automatic;
				CURRENT_PROJECT_VERSION = 1;
				DEVELOPMENT_ASSET_PATHS = "\"WidgetApp/Preview Content\"";
				DEVELOPMENT_TEAM = 8YCKQZSJ86;
				ENABLE_PREVIEWS = YES;
				GENERATE_INFOPLIST_FILE = YES;
				INFOPLIST_KEY_UIApplicationSceneManifest_Generation = YES;
				INFOPLIST_KEY_UIApplicationSupportsIndirectInputEvents = YES;
				INFOPLIST_KEY_UILaunchScreen_Generation = YES;
				INFOPLIST_KEY_UISupportedInterfaceOrientations_iPad = "UIInterfaceOrientationPortrait UIInterfaceOrientationPortraitUpsideDown UIInterfaceOrientationLandscapeLeft UIInterfaceOrientationLandscapeRight";
				INFOPLIST_KEY_UISupportedInterfaceOrientations_iPhone = "UIInterfaceOrientationPortrait UIInterfaceOrientationLandscapeLeft UIInterfaceOrientationLandscapeRight";
				LD_RUNPATH_SEARCH_PATHS = (
					"$(inherited)",
					"@executable_path/Frameworks",
				);
				MARKETING_VERSION = 1.0;
				PRODUCT_BUNDLE_IDENTIFIER = com.arktik.WidgetApp;
				PRODUCT_NAME = "$(TARGET_NAME)";
				SWIFT_EMIT_LOC_STRINGS = YES;
				SWIFT_VERSION = 5.0;
				TARGETED_DEVICE_FAMILY = "1,2";
			};
			name = Debug;
		};
		F2035B3D2B0E2FBB0088DCB3 /* Release */ = {
			isa = XCBuildConfiguration;
			buildSettings = {
				ALWAYS_EMBED_SWIFT_STANDARD_LIBRARIES = YES;
				ASSETCATALOG_COMPILER_APPICON_NAME = AppIcon;
				ASSETCATALOG_COMPILER_GLOBAL_ACCENT_COLOR_NAME = AccentColor;
				CODE_SIGN_STYLE = Automatic;
				CURRENT_PROJECT_VERSION = 1;
				DEVELOPMENT_ASSET_PATHS = "\"WidgetApp/Preview Content\"";
				DEVELOPMENT_TEAM = 8YCKQZSJ86;
				ENABLE_PREVIEWS = YES;
				GENERATE_INFOPLIST_FILE = YES;
				INFOPLIST_KEY_UIApplicationSceneManifest_Generation = YES;
				INFOPLIST_KEY_UIApplicationSupportsIndirectInputEvents = YES;
				INFOPLIST_KEY_UILaunchScreen_Generation = YES;
				INFOPLIST_KEY_UISupportedInterfaceOrientations_iPad = "UIInterfaceOrientationPortrait UIInterfaceOrientationPortraitUpsideDown UIInterfaceOrientationLandscapeLeft UIInterfaceOrientationLandscapeRight";
				INFOPLIST_KEY_UISupportedInterfaceOrientations_iPhone = "UIInterfaceOrientationPortrait UIInterfaceOrientationLandscapeLeft UIInterfaceOrientationLandscapeRight";
				LD_RUNPATH_SEARCH_PATHS = (
					"$(inherited)",
					"@executable_path/Frameworks",
				);
				MARKETING_VERSION = 1.0;
				PRODUCT_BUNDLE_IDENTIFIER = com.arktik.WidgetApp;
				PRODUCT_NAME = "$(TARGET_NAME)";
				SWIFT_EMIT_LOC_STRINGS = YES;
				SWIFT_VERSION = 5.0;
				TARGETED_DEVICE_FAMILY = "1,2";
			};
			name = Release;
		};
		F2035B7A2B0E32960088DCB3 /* Debug */ = {
			isa = XCBuildConfiguration;
			buildSettings = {
				ASSETCATALOG_COMPILER_GLOBAL_ACCENT_COLOR_NAME = AccentColor;
				ASSETCATALOG_COMPILER_WIDGET_BACKGROUND_COLOR_NAME = WidgetBackground;
				CODE_SIGN_STYLE = Automatic;
				CURRENT_PROJECT_VERSION = 1;
				DEVELOPMENT_TEAM = 8YCKQZSJ86;
				GENERATE_INFOPLIST_FILE = YES;
				INFOPLIST_FILE = WidgetWidgetApp/Info.plist;
				INFOPLIST_KEY_CFBundleDisplayName = WidgetWidgetApp;
				INFOPLIST_KEY_NSHumanReadableCopyright = "";
				LD_RUNPATH_SEARCH_PATHS = (
					"$(inherited)",
					"@executable_path/Frameworks",
					"@executable_path/../../Frameworks",
				);
				MARKETING_VERSION = 1.0;
				PRODUCT_BUNDLE_IDENTIFIER = com.arktik.WidgetApp.WidgetWidgetApp;
				PRODUCT_NAME = "$(TARGET_NAME)";
				SKIP_INSTALL = YES;
				SWIFT_EMIT_LOC_STRINGS = YES;
				SWIFT_VERSION = 5.0;
				TARGETED_DEVICE_FAMILY = "1,2";
			};
			name = Debug;
		};
		F2035B7B2B0E32960088DCB3 /* Release */ = {
			isa = XCBuildConfiguration;
			buildSettings = {
				ASSETCATALOG_COMPILER_GLOBAL_ACCENT_COLOR_NAME = AccentColor;
				ASSETCATALOG_COMPILER_WIDGET_BACKGROUND_COLOR_NAME = WidgetBackground;
				CODE_SIGN_STYLE = Automatic;
				CURRENT_PROJECT_VERSION = 1;
				DEVELOPMENT_TEAM = 8YCKQZSJ86;
				GENERATE_INFOPLIST_FILE = YES;
				INFOPLIST_FILE = WidgetWidgetApp/Info.plist;
				INFOPLIST_KEY_CFBundleDisplayName = WidgetWidgetApp;
				INFOPLIST_KEY_NSHumanReadableCopyright = "";
				LD_RUNPATH_SEARCH_PATHS = (
					"$(inherited)",
					"@executable_path/Frameworks",
					"@executable_path/../../Frameworks",
				);
				MARKETING_VERSION = 1.0;
				PRODUCT_BUNDLE_IDENTIFIER = com.arktik.WidgetApp.WidgetWidgetApp;
				PRODUCT_NAME = "$(TARGET_NAME)";
				SKIP_INSTALL = YES;
				SWIFT_EMIT_LOC_STRINGS = YES;
				SWIFT_VERSION = 5.0;
				TARGETED_DEVICE_FAMILY = "1,2";
			};
			name = Release;
		};
/* End XCBuildConfiguration section */

/* Begin XCConfigurationList section */
		F2035B282B0E2FB90088DCB3 /* Build configuration list for PBXProject "WidgetApp" */ = {
			isa = XCConfigurationList;
			buildConfigurations = (
				F2035B392B0E2FBB0088DCB3 /* Debug */,
				F2035B3A2B0E2FBB0088DCB3 /* Release */,
			);
			defaultConfigurationIsVisible = 0;
			defaultConfigurationName = Release;
		};
		F2035B3B2B0E2FBB0088DCB3 /* Build configuration list for PBXNativeTarget "WidgetApp" */ = {
			isa = XCConfigurationList;
			buildConfigurations = (
				F2035B3C2B0E2FBB0088DCB3 /* Debug */,
				F2035B3D2B0E2FBB0088DCB3 /* Release */,
			);
			defaultConfigurationIsVisible = 0;
			defaultConfigurationName = Release;
		};
		F2035B792B0E32960088DCB3 /* Build configuration list for PBXNativeTarget "WidgetWidgetAppExtension" */ = {
			isa = XCConfigurationList;
			buildConfigurations = (
				F2035B7A2B0E32960088DCB3 /* Debug */,
				F2035B7B2B0E32960088DCB3 /* Release */,
			);
			defaultConfigurationIsVisible = 0;
			defaultConfigurationName = Release;
		};
/* End XCConfigurationList section */
	};
	rootObject = F2035B252B0E2FB90088DCB3 /* Project object */;
}
